
Microsoft Visual Studio Solution File, Format Version 12.00
# Visual Studio Version 17
VisualStudioVersion = 17.4.33205.214
MinimumVisualStudioVersion = 10.0.40219.1
Project("{FAE04EC0-301F-11D3-BF4B-00C04F79EFBC}") = "ERP", "ERP\ERP.csproj", "{60C33935-C09F-4128-A6E6-C9334A899C9A}"
EndProject
Global
	GlobalSection(SolutionConfigurationPlatforms) = preSolution
		Debug|Any CPU = Debug|Any CPU
		Release|Any CPU = Release|Any CPU
	EndGlobalSection
	GlobalSection(ProjectConfigurationPlatforms) = postSolution
		{60C33935-C09F-4128-A6E6-C9334A899C9A}.Debug|Any CPU.ActiveCfg = Debug|Any CPU
		{60C33935-C09F-4128-A6E6-C9334A899C9A}.Debug|Any CPU.Build.0 = Debug|Any CPU
		{60C33935-C09F-4128-A6E6-C9334A899C9A}.Release|Any CPU.ActiveCfg = Release|Any CPU
		{60C33935-C09F-4128-A6E6-C9334A899C9A}.Release|Any CPU.Build.0 = Release|Any CPU
	EndGlobalSection
	GlobalSection(SolutionProperties) = preSolution
		HideSolutionNode = FALSE
	EndGlobalSection
	GlobalSection(ExtensibilityGlobals) = postSolution
		SolutionGuid = {49CE1847-9971-4808-B1DE-5479DF0F883C}
	EndGlobalSection
EndGlobal
